{
  "originHash" : "7395fb08aa139295ea607188ad3e1b3ebc74f2c15095ecffa428754d7b5e9a78",
  "pins" : [
    {
      "identity" : "swift-fetch-json",
      "kind" : "remoteSourceControl",
      "location" : "https://github.com/dave256/swift-fetch-json",
      "state" : {
        "revision" : "cf084696062ff64e0ada9eceb9b0fdc732992e9c",
        "version" : "1.0.0"
      }
    }
  ],
  "version" : 3
}
